// !$*UTF8*$!
{
	archiveVersion = 1;
	classes = {
	};
	objectVersion = 46;
	objects = {

/* Begin PBXBuildFile section */
		90D4A37B1D163A210082E34C /* AppDelegate.swift in Sources */ = {isa = PBXBuildFile; fileRef = 90D4A37A1D163A210082E34C /* AppDelegate.swift */; };
		90D4A37D1D163A210082E34C /* ViewController.swift in Sources */ = {isa = PBXBuildFile; fileRef = 90D4A37C1D163A210082E34C /* ViewController.swift */; };
		90D4A3801D163A210082E34C /* Main.storyboard in Resources */ = {isa = PBXBuildFile; fileRef = 90D4A37E1D163A210082E34C /* Main.storyboard */; };
		90D4A3821D163A210082E34C /* Assets.xcassets in Resources */ = {isa = PBXBuildFile; fileRef = 90D4A3811D163A210082E34C /* Assets.xcassets */; };
		90D4A3851D163A210082E34C /* LaunchScreen.storyboard in Resources */ = {isa = PBXBuildFile; fileRef = 90D4A3831D163A210082E34C /* LaunchScreen.storyboard */; };
		90D4A3901D163A210082E34C /* BaseProjectTests.swift in Sources */ = {isa = PBXBuildFile; fileRef = 90D4A38F1D163A210082E34C /* BaseProjectTests.swift */; };
		90D4A39B1D163A210082E34C /* BaseProjectUITests.swift in Sources */ = {isa = PBXBuildFile; fileRef = 90D4A39A1D163A210082E34C /* BaseProjectUITests.swift */; };
/* End PBXBuildFile section */

/* Begin PBXContainerItemProxy section */
		90D4A38C1D163A210082E34C /* PBXContainerItemProxy */ = {
			isa = PBXContainerItemProxy;
			containerPortal = 90D4A36F1D163A210082E34C /* Project object */;
			proxyType = 1;
			remoteGlobalIDString = 90D4A3761D163A210082E34C;
			remoteInfo = BaseProject;
		};
		90D4A3971D163A210082E34C /* PBXContainerItemProxy */ = {
			isa = PBXContainerItemProxy;
			containerPortal = 90D4A36F1D163A210082E34C /* Project object */;
			proxyType = 1;
			remoteGlobalIDString = 90D4A3761D163A210082E34C;
			remoteInfo = BaseProject;
		};
/* End PBXContainerItemProxy section */

/* Begin PBXFileReference section */
		90D4A3771D163A210082E34C /* BaseProject.app */ = {isa = PBXFileReference; explicitFileType = wrapper.application; includeInIndex = 0; path = BaseProject.app; sourceTree = BUILT_PRODUCTS_DIR; };
		90D4A37A1D163A210082E34C /* AppDelegate.swift */ = {isa = PBXFileReference; lastKnownFileType = sourcecode.swift; path = AppDelegate.swift; sourceTree = "<group>"; };
		90D4A37C1D163A210082E34C /* ViewController.swift */ = {isa = PBXFileReference; lastKnownFileType = sourcecode.swift; path = ViewController.swift; sourceTree = "<group>"; };
		90D4A37F1D163A210082E34C /* Base */ = {isa = PBXFileReference; lastKnownFileType = file.storyboard; name = Base; path = Base.lproj/Main.storyboard; sourceTree = "<group>"; };
		90D4A3811D163A210082E34C /* Assets.xcassets */ = {isa = PBXFileReference; lastKnownFileType = folder.assetcatalog; path = Assets.xcassets; sourceTree = "<group>"; };
		90D4A3841D163A210082E34C /* Base */ = {isa = PBXFileReference; lastKnownFileType = file.storyboard; name = Base; path = Base.lproj/LaunchScreen.storyboard; sourceTree = "<group>"; };
		90D4A3861D163A210082E34C /* Info.plist */ = {isa = PBXFileReference; lastKnownFileType = text.plist.xml; path = Info.plist; sourceTree = "<group>"; };
		90D4A38B1D163A210082E34C /* BaseProjectTests.xctest */ = {isa = PBXFileReference; explicitFileType = wrapper.cfbundle; includeInIndex = 0; path = BaseProjectTests.xctest; sourceTree = BUILT_PRODUCTS_DIR; };
		90D4A38F1D163A210082E34C /* BaseProjectTests.swift */ = {isa = PBXFileReference; lastKnownFileType = sourcecode.swift; path = BaseProjectTests.swift; sourceTree = "<group>"; };
		90D4A3911D163A210082E34C /* Info.plist */ = {isa = PBXFileReference; lastKnownFileType = text.plist.xml; path = Info.plist; sourceTree = "<group>"; };
		90D4A3961D163A210082E34C /* BaseProjectUITests.xctest */ = {isa = PBXFileReference; explicitFileType = wrapper.cfbundle; includeInIndex = 0; path = BaseProjectUITests.xctest; sourceTree = BUILT_PRODUCTS_DIR; };
		90D4A39A1D163A210082E34C /* BaseProjectUITests.swift */ = {isa = PBXFileReference; lastKnownFileType = sourcecode.swift; path = BaseProjectUITests.swift; sourceTree = "<group>"; };
		90D4A39C1D163A210082E34C /* Info.plist */ = {isa = PBXFileReference; lastKnownFileType = text.plist.xml; path = Info.plist; sourceTree = "<group>"; };
/* End PBXFileReference section */

/* Begin PBXFrameworksBuildPhase section */
		90D4A3741D163A210082E34C /* Frameworks */ = {
			isa = PBXFrameworksBuildPhase;
			buildActionMask = 2147483647;
			files = (
			);
			runOnlyForDeploymentPostprocessing = 0;
		};
		90D4A3881D163A210082E34C /* Frameworks */ = {
			isa = PBXFrameworksBuildPhase;
			buildActionMask = 2147483647;
			files = (
			);
			runOnlyForDeploymentPostprocessing = 0;
		};
		90D4A3931D163A210082E34C /* Frameworks */ = {
			isa = PBXFrameworksBuildPhase;
			buildActionMask = 2147483647;
			files = (
			);
			runOnlyForDeploymentPostprocessing = 0;
		};
/* End PBXFrameworksBuildPhase section */

/* Begin PBXGroup section */
		90D4A36E1D163A210082E34C = {
			isa = PBXGroup;
			children = (
				90D4A3791D163A210082E34C /* BaseProject */,
				90D4A38E1D163A210082E34C /* BaseProjectTests */,
				90D4A3991D163A210082E34C /* BaseProjectUITests */,
				90D4A3781D163A210082E34C /* Products */,
			);
			sourceTree = "<group>";
		};
		90D4A3781D163A210082E34C /* Products */ = {
			isa = PBXGroup;
			children = (
				90D4A3771D163A210082E34C /* BaseProject.app */,
				90D4A38B1D163A210082E34C /* BaseProjectTests.xctest */,
				90D4A3961D163A210082E34C /* BaseProjectUITests.xctest */,
			);
			name = Products;
			sourceTree = "<group>";
		};
		90D4A3791D163A210082E34C /* BaseProject */ = {
			isa = PBXGroup;
			children = (
				90D4A37A1D163A210082E34C /* AppDelegate.swift */,
				90D4A37C1D163A210082E34C /* ViewController.swift */,
				90D4A37E1D163A210082E34C /* Main.storyboard */,
				90D4A3811D163A210082E34C /* Assets.xcassets */,
				90D4A3831D163A210082E34C /* LaunchScreen.storyboard */,
				90D4A3861D163A210082E34C /* Info.plist */,
			);
			path = BaseProject;
			sourceTree = "<group>";
		};
		90D4A38E1D163A210082E34C /* BaseProjectTests */ = {
			isa = PBXGroup;
			children = (
				90D4A38F1D163A210082E34C /* BaseProjectTests.swift */,
				90D4A3911D163A210082E34C /* Info.plist */,
			);
			path = BaseProjectTests;
			sourceTree = "<group>";
		};
		90D4A3991D163A210082E34C /* BaseProjectUITests */ = {
			isa = PBXGroup;
			children = (
				90D4A39A1D163A210082E34C /* BaseProjectUITests.swift */,
				90D4A39C1D163A210082E34C /* Info.plist */,
			);
			path = BaseProjectUITests;
			sourceTree = "<group>";
		};
/* End PBXGroup section */

/* Begin PBXNativeTarget section */
		90D4A3761D163A210082E34C /* BaseProject */ = {
			isa = PBXNativeTarget;
			buildConfigurationList = 90D4A39F1D163A210082E34C /* Build configuration list for PBXNativeTarget "BaseProject" */;
			buildPhases = (
				90D4A3731D163A210082E34C /* Sources */,
				90D4A3741D163A210082E34C /* Frameworks */,
				90D4A3751D163A210082E34C /* Resources */,
			);
			buildRules = (
			);
			dependencies = (
			);
			name = BaseProject;
			productName = BaseProject;
			productReference = 90D4A3771D163A210082E34C /* BaseProject.app */;
			productType = "com.apple.product-type.application";
		};
		90D4A38A1D163A210082E34C /* BaseProjectTests */ = {
			isa = PBXNativeTarget;
			buildConfigurationList = 90D4A3A21D163A210082E34C /* Build configuration list for PBXNativeTarget "BaseProjectTests" */;
			buildPhases = (
				90D4A3871D163A210082E34C /* Sources */,
				90D4A3881D163A210082E34C /* Frameworks */,
				90D4A3891D163A210082E34C /* Resources */,
			);
			buildRules = (
			);
			dependencies = (
				90D4A38D1D163A210082E34C /* PBXTargetDependency */,
			);
			name = BaseProjectTests;
			productName = BaseProjectTests;
			productReference = 90D4A38B1D163A210082E34C /* BaseProjectTests.xctest */;
			productType = "com.apple.product-type.bundle.unit-test";
		};
		90D4A3951D163A210082E34C /* BaseProjectUITests */ = {
			isa = PBXNativeTarget;
			buildConfigurationList = 90D4A3A51D163A210082E34C /* Build configuration list for PBXNativeTarget "BaseProjectUITests" */;
			buildPhases = (
				90D4A3921D163A210082E34C /* Sources */,
				90D4A3931D163A210082E34C /* Frameworks */,
				90D4A3941D163A210082E34C /* Resources */,
			);
			buildRules = (
			);
			dependencies = (
				90D4A3981D163A210082E34C /* PBXTargetDependency */,
			);
			name = BaseProjectUITests;
			productName = BaseProjectUITests;
			productReference = 90D4A3961D163A210082E34C /* BaseProjectUITests.xctest */;
			productType = "com.apple.product-type.bundle.ui-testing";
		};
/* End PBXNativeTarget section */

/* Begin PBXProject section */
		90D4A36F1D163A210082E34C /* Project object */ = {
			isa = PBXProject;
			attributes = {
				LastSwiftUpdateCheck = 0710;
				LastUpgradeCheck = 0710;
				ORGANIZATIONNAME = Gavin;
				TargetAttributes = {
					90D4A3761D163A210082E34C = {
						CreatedOnToolsVersion = 7.1;
					};
					90D4A38A1D163A210082E34C = {
						CreatedOnToolsVersion = 7.1;
						TestTargetID = 90D4A3761D163A210082E34C;
					};
					90D4A3951D163A210082E34C = {
						CreatedOnToolsVersion = 7.1;
						TestTargetID = 90D4A3761D163A210082E34C;
					};
				};
			};
			buildConfigurationList = 90D4A3721D163A210082E34C /* Build configuration list for PBXProject "BaseProject" */;
			compatibilityVersion = "Xcode 3.2";
			developmentRegion = English;
			hasScannedForEncodings = 0;
			knownRegions = (
				en,
				Base,
			);
			mainGroup = 90D4A36E1D163A210082E34C;
			productRefGroup = 90D4A3781D163A210082E34C /* Products */;
			projectDirPath = "";
			projectRoot = "";
			targets = (
				90D4A3761D163A210082E34C /* BaseProject */,
				90D4A38A1D163A210082E34C /* BaseProjectTests */,
				90D4A3951D163A210082E34C /* BaseProjectUITests */,
			);
		};
/* End PBXProject section */

/* Begin PBXResourcesBuildPhase section */
		90D4A3751D163A210082E34C /* Resources */ = {
			isa = PBXResourcesBuildPhase;
			buildActionMask = 2147483647;
			files = (
				90D4A3851D163A210082E34C /* LaunchScreen.storyboard in Resources */,
				90D4A3821D163A210082E34C /* Assets.xcassets in Resources */,
				90D4A3801D163A210082E34C /* Main.storyboard in Resources */,
			);
			runOnlyForDeploymentPostprocessing = 0;
		};
		90D4A3891D163A210082E34C /* Resources */ = {
			isa = PBXResourcesBuildPhase;
			buildActionMask = 2147483647;
			files = (
			);
			runOnlyForDeploymentPostprocessing = 0;
		};
		90D4A3941D163A210082E34C /* Resources */ = {
			isa = PBXResourcesBuildPhase;
			buildActionMask = 2147483647;
			files = (
			);
			runOnlyForDeploymentPostprocessing = 0;
		};
/* End PBXResourcesBuildPhase section */

/* Begin PBXSourcesBuildPhase section */
		90D4A3731D163A210082E34C /* Sources */ = {
			isa = PBXSourcesBuildPhase;
			buildActionMask = 2147483647;
			files = (
				90D4A37D1D163A210082E34C /* ViewController.swift in Sources */,
				90D4A37B1D163A210082E34C /* AppDelegate.swift in Sources */,
			);
			runOnlyForDeploymentPostprocessing = 0;
		};
		90D4A3871D163A210082E34C /* Sources */ = {
			isa = PBXSourcesBuildPhase;
			buildActionMask = 2147483647;
			files = (
				90D4A3901D163A210082E34C /* BaseProjectTests.swift in Sources */,
			);
			runOnlyForDeploymentPostprocessing = 0;
		};
		90D4A3921D163A210082E34C /* Sources */ = {
			isa = PBXSourcesBuildPhase;
			buildActionMask = 2147483647;
			files = (
				90D4A39B1D163A210082E34C /* BaseProjectUITests.swift in Sources */,
			);
			runOnlyForDeploymentPostprocessing = 0;
		};
/* End PBXSourcesBuildPhase section */

/* Begin PBXTargetDependency section */
		90D4A38D1D163A210082E34C /* PBXTargetDependency */ = {
			isa = PBXTargetDependency;
			target = 90D4A3761D163A210082E34C /* BaseProject */;
			targetProxy = 90D4A38C1D163A210082E34C /* PBXContainerItemProxy */;
		};
		90D4A3981D163A210082E34C /* PBXTargetDependency */ = {
			isa = PBXTargetDependency;
			target = 90D4A3761D163A210082E34C /* BaseProject */;
			targetProxy = 90D4A3971D163A210082E34C /* PBXContainerItemProxy */;
		};
/* End PBXTargetDependency section */

/* Begin PBXVariantGroup section */
		90D4A37E1D163A210082E34C /* Main.storyboard */ = {
			isa = PBXVariantGroup;
			children = (
				90D4A37F1D163A210082E34C /* Base */,
			);
			name = Main.storyboard;
			sourceTree = "<group>";
		};
		90D4A3831D163A210082E34C /* LaunchScreen.storyboard */ = {
			isa = PBXVariantGroup;
			children = (
				90D4A3841D163A210082E34C /* Base */,
			);
			name = LaunchScreen.storyboard;
			sourceTree = "<group>";
		};
/* End PBXVariantGroup section */

/* Begin XCBuildConfiguration section */
		90D4A39D1D163A210082E34C /* Debug */ = {
			isa = XCBuildConfiguration;
			buildSettings = {
				ALWAYS_SEARCH_USER_PATHS = NO;
				CLANG_CXX_LANGUAGE_STANDARD = "gnu++0x";
				CLANG_CXX_LIBRARY = "libc++";
				CLANG_ENABLE_MODULES = YES;
				CLANG_ENABLE_OBJC_ARC = YES;
				CLANG_WARN_BOOL_CONVERSION = YES;
				CLANG_WARN_CONSTANT_CONVERSION = YES;
				CLANG_WARN_DIRECT_OBJC_ISA_USAGE = YES_ERROR;
				CLANG_WARN_EMPTY_BODY = YES;
				CLANG_WARN_ENUM_CONVERSION = YES;
				CLANG_WARN_INT_CONVERSION = YES;
				CLANG_WARN_OBJC_ROOT_CLASS = YES_ERROR;
				CLANG_WARN_UNREACHABLE_CODE = YES;
				CLANG_WARN__DUPLICATE_METHOD_MATCH = YES;
				"CODE_SIGN_IDENTITY[sdk=iphoneos*]" = "iPhone Developer";
				COPY_PHASE_STRIP = NO;
				DEBUG_INFORMATION_FORMAT = dwarf;
				ENABLE_STRICT_OBJC_MSGSEND = YES;
				ENABLE_TESTABILITY = YES;
				GCC_C_LANGUAGE_STANDARD = gnu99;
				GCC_DYNAMIC_NO_PIC = NO;
				GCC_NO_COMMON_BLOCKS = YES;
				GCC_OPTIMIZATION_LEVEL = 0;
				GCC_PREPROCESSOR_DEFINITIONS = (
					"DEBUG=1",
					"$(inherited)",
				);
				GCC_WARN_64_TO_32_BIT_CONVERSION = YES;
				GCC_WARN_ABOUT_RETURN_TYPE = YES_ERROR;
				GCC_WARN_UNDECLARED_SELECTOR = YES;
				GCC_WARN_UNINITIALIZED_AUTOS = YES_AGGRESSIVE;
				GCC_WARN_UNUSED_FUNCTION = YES;
				GCC_WARN_UNUSED_VARIABLE = YES;
				IPHONEOS_DEPLOYMENT_TARGET = 9.1;
				MTL_ENABLE_DEBUG_INFO = YES;
				ONLY_ACTIVE_ARCH = YES;
				SDKROOT = iphoneos;
				SWIFT_OPTIMIZATION_LEVEL = "-Onone";
				TARGETED_DEVICE_FAMILY = "1,2";
			};
			name = Debug;
		};
		90D4A39E1D163A210082E34C /* Release */ = {
			isa = XCBuildConfiguration;
			buildSettings = {
				ALWAYS_SEARCH_USER_PATHS = NO;
				CLANG_CXX_LANGUAGE_STANDARD = "gnu++0x";
				CLANG_CXX_LIBRARY = "libc++";
				CLANG_ENABLE_MODULES = YES;
				CLANG_ENABLE_OBJC_ARC = YES;
				CLANG_WARN_BOOL_CONVERSION = YES;
				CLANG_WARN_CONSTANT_CONVERSION = YES;
				CLANG_WARN_DIRECT_OBJC_ISA_USAGE = YES_ERROR;
				CLANG_WARN_EMPTY_BODY = YES;
				CLANG_WARN_ENUM_CONVERSION = YES;
				CLANG_WARN_INT_CONVERSION = YES;
				CLANG_WARN_OBJC_ROOT_CLASS = YES_ERROR;
				CLANG_WARN_UNREACHABLE_CODE = YES;
				CLANG_WARN__DUPLICATE_METHOD_MATCH = YES;
				"CODE_SIGN_IDENTITY[sdk=iphoneos*]" = "iPhone Developer";
				COPY_PHASE_STRIP = NO;
				DEBUG_INFORMATION_FORMAT = "dwarf-with-dsym";
				ENABLE_NS_ASSERTIONS = NO;
				ENABLE_STRICT_OBJC_MSGSEND = YES;
				GCC_C_LANGUAGE_STANDARD = gnu99;
				GCC_NO_COMMON_BLOCKS = YES;
				GCC_WARN_64_TO_32_BIT_CONVERSION = YES;
				GCC_WARN_ABOUT_RETURN_TYPE = YES_ERROR;
				GCC_WARN_UNDECLARED_SELECTOR = YES;
				GCC_WARN_UNINITIALIZED_AUTOS = YES_AGGRESSIVE;
				GCC_WARN_UNUSED_FUNCTION = YES;
				GCC_WARN_UNUSED_VARIABLE = YES;
				IPHONEOS_DEPLOYMENT_TARGET = 9.1;
				MTL_ENABLE_DEBUG_INFO = NO;
				SDKROOT = iphoneos;
				TARGETED_DEVICE_FAMILY = "1,2";
				VALIDATE_PRODUCT = YES;
			};
			name = Release;
		};
		90D4A3A01D163A210082E34C /* Debug */ = {
			isa = XCBuildConfiguration;
			buildSettings = {
				ASSETCATALOG_COMPILER_APPICON_NAME = AppIcon;
				INFOPLIST_FILE = BaseProject/Info.plist;
				LD_RUNPATH_SEARCH_PATHS = "$(inherited) @executable_path/Frameworks";
				PRODUCT_BUNDLE_IDENTIFIER = cn.gavinswift.BaseProject;
				PRODUCT_NAME = "$(TARGET_NAME)";
			};
			name = Debug;
		};
		90D4A3A11D163A210082E34C /* Release */ = {
			isa = XCBuildConfiguration;
			buildSettings = {
				ASSETCATALOG_COMPILER_APPICON_NAME = AppIcon;
				INFOPLIST_FILE = BaseProject/Info.plist;
				LD_RUNPATH_SEARCH_PATHS = "$(inherited) @executable_path/Frameworks";
				PRODUCT_BUNDLE_IDENTIFIER = cn.gavinswift.BaseProject;
				PRODUCT_NAME = "$(TARGET_NAME)";
			};
			name = Release;
		};
		90D4A3A31D163A210082E34C /* Debug */ = {
			isa = XCBuildConfiguration;
			buildSettings = {
				BUNDLE_LOADER = "$(TEST_HOST)";
				INFOPLIST_FILE = BaseProjectTests/Info.plist;
				LD_RUNPATH_SEARCH_PATHS = "$(inherited) @executable_path/Frameworks @loader_path/Frameworks";
				PRODUCT_BUNDLE_IDENTIFIER = cn.gavinswift.BaseProjectTests;
				PRODUCT_NAME = "$(TARGET_NAME)";
				TEST_HOST = "$(BUILT_PRODUCTS_DIR)/BaseProject.app/BaseProject";
			};
			name = Debug;
		};
		90D4A3A41D163A210082E34C /* Release */ = {
			isa = XCBuildConfiguration;
			buildSettings = {
				BUNDLE_LOADER = "$(TEST_HOST)";
				INFOPLIST_FILE = BaseProjectTests/Info.plist;
				LD_RUNPATH_SEARCH_PATHS = "$(inherited) @executable_path/Frameworks @loader_path/Frameworks";
				PRODUCT_BUNDLE_IDENTIFIER = cn.gavinswift.BaseProjectTests;
				PRODUCT_NAME = "$(TARGET_NAME)";
				TEST_HOST = "$(BUILT_PRODUCTS_DIR)/BaseProject.app/BaseProject";
			};
			name = Release;
		};
		90D4A3A61D163A210082E34C /* Debug */ = {
			isa = XCBuildConfiguration;
			buildSettings = {
				INFOPLIST_FILE = BaseProjectUITests/Info.plist;
				LD_RUNPATH_SEARCH_PATHS = "$(inherited) @executable_path/Frameworks @loader_path/Frameworks";
				PRODUCT_BUNDLE_IDENTIFIER = cn.gavinswift.BaseProjectUITests;
				PRODUCT_NAME = "$(TARGET_NAME)";
				TEST_TARGET_NAME = BaseProject;
				USES_XCTRUNNER = YES;
			};
			name = Debug;
		};
		90D4A3A71D163A210082E34C /* Release */ = {
			isa = XCBuildConfiguration;
			buildSettings = {
				INFOPLIST_FILE = BaseProjectUITests/Info.plist;
				LD_RUNPATH_SEARCH_PATHS = "$(inherited) @executable_path/Frameworks @loader_path/Frameworks";
				PRODUCT_BUNDLE_IDENTIFIER = cn.gavinswift.BaseProjectUITests;
				PRODUCT_NAME = "$(TARGET_NAME)";
				TEST_TARGET_NAME = BaseProject;
				USES_XCTRUNNER = YES;
			};
			name = Release;
		};
/* End XCBuildConfiguration section */

/* Begin XCConfigurationList section */
		90D4A3721D163A210082E34C /* Build configuration list for PBXProject "BaseProject" */ = {
			isa = XCConfigurationList;
			buildConfigurations = (
				90D4A39D1D163A210082E34C /* Debug */,
				90D4A39E1D163A210082E34C /* Release */,
			);
			defaultConfigurationIsVisible = 0;
			defaultConfigurationName = Release;
		};
		90D4A39F1D163A210082E34C /* Build configuration list for PBXNativeTarget "BaseProject" */ = {
			isa = XCConfigurationList;
			buildConfigurations = (
				90D4A3A01D163A210082E34C /* Debug */,
				90D4A3A11D163A210082E34C /* Release */,
			);
			defaultConfigurationIsVisible = 0;
		};
		90D4A3A21D163A210082E34C /* Build configuration list for PBXNativeTarget "BaseProjectTests" */ = {
			isa = XCConfigurationList;
			buildConfigurations = (
				90D4A3A31D163A210082E34C /* Debug */,
				90D4A3A41D163A210082E34C /* Release */,
			);
			defaultConfigurationIsVisible = 0;
		};
		90D4A3A51D163A210082E34C /* Build configuration list for PBXNativeTarget "BaseProjectUITests" */ = {
			isa = XCConfigurationList;
			buildConfigurations = (
				90D4A3A61D163A210082E34C /* Debug */,
				90D4A3A71D163A210082E34C /* Release */,
			);
			defaultConfigurationIsVisible = 0;
		};
/* End XCConfigurationList section */
	};
	rootObject = 90D4A36F1D163A210082E34C /* Project object */;
}
